
Microsoft Visual Studio Solution File, Format Version 12.00
# Visual Studio 14
VisualStudioVersion = 14.0.25123.0
MinimumVisualStudioVersion = 10.0.40219.1
Project("{FAE04EC0-301F-11D3-BF4B-00C04F79EFBC}") = "CapaDeDatos", "CapaDeDatos\CapaDeDatos.csproj", "{0AD70875-403B-44AD-B9C7-47F27BBEBB5D}"
EndProject
Project("{FAE04EC0-301F-11D3-BF4B-00C04F79EFBC}") = "CapaDeNegocios", "CapaDeNegocios\CapaDeNegocios.csproj", "{24921AF8-19F7-4B75-A697-F5DE39A839A1}"
EndProject
Project("{FAE04EC0-301F-11D3-BF4B-00C04F79EFBC}") = "CapaUsuario", "CapaUsuario\CapaUsuario.csproj", "{F5BE2ECA-7819-4539-956B-E545D8C97507}"
EndProject
Project("{54435603-DBB4-11D2-8724-00A0C9A8B90C}") = "SistemaPlanilla", "RecursosHumanos\RecursosHumanos.vdproj", "{8FB585B4-88AD-4A0D-81D9-834F191EA9C1}"
EndProject
Project("{FAE04EC0-301F-11D3-BF4B-00C04F79EFBC}") = "CapaDeNegociosTramite", "CapaDeNegociosTramite\CapaDeNegociosTramite.csproj", "{001CF6B5-2D62-4B5A-91F9-171C991307F0}"
EndProject
Project("{FAE04EC0-301F-11D3-BF4B-00C04F79EFBC}") = "CapaDeUsuarioTramite", "CapaDeUsuarioTramite\CapaDeUsuarioTramite.csproj", "{2436AEF4-4242-42D6-8D98-CA404B1C69B9}"
EndProject
Global
	GlobalSection(SolutionConfigurationPlatforms) = preSolution
		Debug|Any CPU = Debug|Any CPU
		Release|Any CPU = Release|Any CPU
	EndGlobalSection
	GlobalSection(ProjectConfigurationPlatforms) = postSolution
		{0AD70875-403B-44AD-B9C7-47F27BBEBB5D}.Debug|Any CPU.ActiveCfg = Debug|Any CPU
		{0AD70875-403B-44AD-B9C7-47F27BBEBB5D}.Debug|Any CPU.Build.0 = Debug|Any CPU
		{0AD70875-403B-44AD-B9C7-47F27BBEBB5D}.Release|Any CPU.ActiveCfg = Release|Any CPU
		{0AD70875-403B-44AD-B9C7-47F27BBEBB5D}.Release|Any CPU.Build.0 = Release|Any CPU
		{24921AF8-19F7-4B75-A697-F5DE39A839A1}.Debug|Any CPU.ActiveCfg = Debug|Any CPU
		{24921AF8-19F7-4B75-A697-F5DE39A839A1}.Debug|Any CPU.Build.0 = Debug|Any CPU
		{24921AF8-19F7-4B75-A697-F5DE39A839A1}.Release|Any CPU.ActiveCfg = Release|Any CPU
		{24921AF8-19F7-4B75-A697-F5DE39A839A1}.Release|Any CPU.Build.0 = Release|Any CPU
		{F5BE2ECA-7819-4539-956B-E545D8C97507}.Debug|Any CPU.ActiveCfg = Debug|Any CPU
		{F5BE2ECA-7819-4539-956B-E545D8C97507}.Debug|Any CPU.Build.0 = Debug|Any CPU
		{F5BE2ECA-7819-4539-956B-E545D8C97507}.Release|Any CPU.ActiveCfg = Release|Any CPU
		{F5BE2ECA-7819-4539-956B-E545D8C97507}.Release|Any CPU.Build.0 = Release|Any CPU
		{8FB585B4-88AD-4A0D-81D9-834F191EA9C1}.Debug|Any CPU.ActiveCfg = Debug
		{8FB585B4-88AD-4A0D-81D9-834F191EA9C1}.Release|Any CPU.ActiveCfg = Release
		{001CF6B5-2D62-4B5A-91F9-171C991307F0}.Debug|Any CPU.ActiveCfg = Debug|Any CPU
		{001CF6B5-2D62-4B5A-91F9-171C991307F0}.Debug|Any CPU.Build.0 = Debug|Any CPU
		{001CF6B5-2D62-4B5A-91F9-171C991307F0}.Release|Any CPU.ActiveCfg = Release|Any CPU
		{001CF6B5-2D62-4B5A-91F9-171C991307F0}.Release|Any CPU.Build.0 = Release|Any CPU
		{2436AEF4-4242-42D6-8D98-CA404B1C69B9}.Debug|Any CPU.ActiveCfg = Debug|Any CPU
		{2436AEF4-4242-42D6-8D98-CA404B1C69B9}.Debug|Any CPU.Build.0 = Debug|Any CPU
		{2436AEF4-4242-42D6-8D98-CA404B1C69B9}.Release|Any CPU.ActiveCfg = Release|Any CPU
		{2436AEF4-4242-42D6-8D98-CA404B1C69B9}.Release|Any CPU.Build.0 = Release|Any CPU
	EndGlobalSection
	GlobalSection(SolutionProperties) = preSolution
		HideSolutionNode = FALSE
	EndGlobalSection
EndGlobal
